
Microsoft Visual Studio Solution File, Format Version 12.00
# Visual Studio Version 17
VisualStudioVersion = 17.7.34003.232
MinimumVisualStudioVersion = 10.0.40219.1
Project("{FAE04EC0-301F-11D3-BF4B-00C04F79EFBC}") = "UppwiseChat", "UppwiseChat.csproj", "{B79A9D1E-ADAA-46B8-8F1E-FE9A6C7F16F7}"
EndProject
Global
	GlobalSection(SolutionConfigurationPlatforms) = preSolution
		Debug|Any CPU = Debug|Any CPU
		Release|Any CPU = Release|Any CPU
	EndGlobalSection
	GlobalSection(ProjectConfigurationPlatforms) = postSolution
		{B79A9D1E-ADAA-46B8-8F1E-FE9A6C7F16F7}.Debug|Any CPU.ActiveCfg = Debug|Any CPU
		{B79A9D1E-ADAA-46B8-8F1E-FE9A6C7F16F7}.Debug|Any CPU.Build.0 = Debug|Any CPU
		{B79A9D1E-ADAA-46B8-8F1E-FE9A6C7F16F7}.Release|Any CPU.ActiveCfg = Release|Any CPU
		{B79A9D1E-ADAA-46B8-8F1E-FE9A6C7F16F7}.Release|Any CPU.Build.0 = Release|Any CPU
	EndGlobalSection
	GlobalSection(SolutionProperties) = preSolution
		HideSolutionNode = FALSE
	EndGlobalSection
	GlobalSection(ExtensibilityGlobals) = postSolution
		SolutionGuid = {952F1A6B-1125-4B92-B6BE-F8DBDD836239}
	EndGlobalSection
EndGlobal
